{
  "name": "jsyg-texteditor",
  "version": "1.1.0",
  "lockfileVersion": 3,
  "requires": true,
  "packages": {
    "": {
      "name": "jsyg-texteditor",
      "version": "1.1.0",
      "license": "MIT",
      "dependencies": {
        "jsyg": "^1.1.0",
        "jsyg-boundingbox": "^1.1.0",
        "jsyg-color": "^1.0.0"
      }
    },
    "node_modules/jquery": {
      "version": "3.7.1",
      "resolved": "https://registry.npmjs.org/jquery/-/jquery-3.7.1.tgz",
      "integrity": "sha512-m4avr8yL8kmFN8psrbFFFmB/If14iN5o9nw/NgnnM+kybDJpRsAynV2BsfpTYrTRysYUdADVD7CkUUizgkpLfg=="
    },
    "node_modules/jsyg": {
      "version": "1.1.0",
      "resolved": "https://registry.npmjs.org/jsyg/-/jsyg-1.1.0.tgz",
      "integrity": "sha512-e8fhYUDXYo8A1KykeXz0ymOlkrTJbf/bXgZ8hBTNIWktZ27eFSgXtozSfim47+p4/xbqqOOBCbRxZDVt29QO2Q==",
      "dependencies": {
        "jquery": "^3.7.1",
        "jsyg-events": "^1.0.0",
        "jsyg-matrix": "^1.0.0",
        "jsyg-point": "^1.0.1",
        "jsyg-stdconstruct": "^1.0.0",
        "jsyg-strutils": "^1.0.0",
        "jsyg-utils": "^1.0.4",
        "jsyg-vect": "^1.0.2",
        "jsyg-wrapper": "^1.1.0"
      }
    },
    "node_modules/jsyg-boundingbox": {
      "version": "1.1.0",
      "resolved": "https://registry.npmjs.org/jsyg-boundingbox/-/jsyg-boundingbox-1.1.0.tgz",
      "integrity": "sha512-nYFkpQSYVl8JTeGD6EkH8CTwtClGR9ffEwKCYQKRwwgIU/p6HRox3FIN3FBopm5CZIxw1wa4TwT0tgH0M3qxgw==",
      "dependencies": {
        "jsyg": "^1.1.0",
        "jsyg-path": "^1.0.0"
      }
    },
    "node_modules/jsyg-color": {
      "version": "1.0.0",
      "resolved": "https://registry.npmjs.org/jsyg-color/-/jsyg-color-1.0.0.tgz",
      "integrity": "sha512-8B6aIRlbOjwNOvBMfsC/DnQtOUxjwS5ts5Auje++c1OQbfY1gr3Iv9kQJ5M7C96XY0Fvc7dgc5s0yXoQeOxbNQ=="
    },
    "node_modules/jsyg-events": {
      "version": "1.0.0",
      "resolved": "https://registry.npmjs.org/jsyg-events/-/jsyg-events-1.0.0.tgz",
      "integrity": "sha512-ELIo54NR0tXPC8Va2Z9p+hqKzV5MYPeq7LYlOpc7fnGaSAIrAbqk7pKCXHSrZffuppFr3HXUxegOG3Dh7VHbtQ=="
    },
    "node_modules/jsyg-matrix": {
      "version": "1.0.0",
      "resolved": "https://registry.npmjs.org/jsyg-matrix/-/jsyg-matrix-1.0.0.tgz",
      "integrity": "sha512-NXMd8Ig+Bxx3B87BSUEGmBVjiIIvKeebdxvOtgKu0ZbjaqGcVw34CIONChx9rIM4PU/lzvjtiiCnPkMnNRbN6A==",
      "dependencies": {
        "jsyg-vect": "^1.0.2"
      }
    },
    "node_modules/jsyg-path": {
      "version": "1.0.0",
      "resolved": "https://registry.npmjs.org/jsyg-path/-/jsyg-path-1.0.0.tgz",
      "integrity": "sha512-8+yrw5CeQRvkYu0+WzuGD9m/QrE8HXcpaVVX9SMBLpmuvUN63XAElGEc3Tr0GG6xwUmyVBebD9/KthC1v5gSlw==",
      "dependencies": {
        "jsyg": "^1.0.2",
        "pathseg": "^1.2.0"
      }
    },
    "node_modules/jsyg-point": {
      "version": "1.0.1",
      "resolved": "https://registry.npmjs.org/jsyg-point/-/jsyg-point-1.0.1.tgz",
      "integrity": "sha512-YfJ4RvMdYUFHNCAK3Xo5iqdU48ZqxcVL6qtTfUvEvb62+01R6H7bTLERysY9abzrgAbs1cYkVfFw0w5n3TvAPQ=="
    },
    "node_modules/jsyg-stdconstruct": {
      "version": "1.0.0",
      "resolved": "https://registry.npmjs.org/jsyg-stdconstruct/-/jsyg-stdconstruct-1.0.0.tgz",
      "integrity": "sha512-ZWP/iuMD1wFAoK9b3ytHA59Z4m/yKvgufukA9L1cJsY2WS6bXZMa21RQ2kqvH6DVmFyWkX9TTlxcxh4ETsYa4g==",
      "dependencies": {
        "jsyg-events": "^1.0.0"
      }
    },
    "node_modules/jsyg-strutils": {
      "version": "1.0.0",
      "resolved": "https://registry.npmjs.org/jsyg-strutils/-/jsyg-strutils-1.0.0.tgz",
      "integrity": "sha512-E8nsSE7A05CrX4PXhBx+KuqxxKEWsuJJqPXTcFh4SexE665m+3lUwJ0d+OZYVEydkeN5BeruZO9tR2mTy4qAxg=="
    },
    "node_modules/jsyg-utils": {
      "version": "1.0.4",
      "resolved": "https://registry.npmjs.org/jsyg-utils/-/jsyg-utils-1.0.4.tgz",
      "integrity": "sha512-IB8Byw+JUGxVsS6vXyUSbKFx8A/Af/EiZXrTQYmuHDZRH+agZ2ImSE09Ajqjh8SnPKBYrn0+IbWbKZFdJzI/Qg==",
      "dependencies": {
        "jsyg-matrix": "^1.0.0",
        "jsyg-point": "^1.0.1",
        "jsyg-strutils": "^1.0.0",
        "jsyg-vect": "^1.0.2",
        "jsyg-wrapper": "^1.0.0"
      }
    },
    "node_modules/jsyg-vect": {
      "version": "1.0.2",
      "resolved": "https://registry.npmjs.org/jsyg-vect/-/jsyg-vect-1.0.2.tgz",
      "integrity": "sha512-RKu/e6d/HLF3svtekbwH2GbbSF6F4cfKkZquGNaevMk9s7oRoxl+K4N30c++zeyx/avJO9P0Ujiki54oHQR3+w==",
      "dependencies": {
        "jsyg-point": "^1.0.1"
      }
    },
    "node_modules/jsyg-wrapper": {
      "version": "1.1.0",
      "resolved": "https://registry.npmjs.org/jsyg-wrapper/-/jsyg-wrapper-1.1.0.tgz",
      "integrity": "sha512-0hfCsxFLdMJEOoP1KNQEzwx7evzEjYmHOb9jo0oSHRfMRAF4eJT5nJXC5sPnPgosqwqfS7BAgTvgU/XxevEOAw==",
      "dependencies": {
        "jquery": "^3.7.1"
      }
    },
    "node_modules/pathseg": {
      "version": "1.2.0",
      "resolved": "https://registry.npmjs.org/pathseg/-/pathseg-1.2.0.tgz",
      "integrity": "sha512-+pQS7lTaoVIXhaCW7R3Wd/165APzZHWzYVqe7dxzdupxQwebgpBaCmf0/XZwmoA/rkDq3qvzO0qv4d5oFVrBRw=="
    }
  }
}
